// !$*UTF8*$!
{
	archiveVersion = 1;
	classes = {
	};
	objectVersion = 55;
	objects = {

/* Begin PBXBuildFile section */
		3F66056827BB7CFE00DB2275 /* AppDelegate.swift in Sources */ = {isa = PBXBuildFile; fileRef = 3F66056727BB7CFE00DB2275 /* AppDelegate.swift */; };
		3F66056A27BB7CFE00DB2275 /* SceneDelegate.swift in Sources */ = {isa = PBXBuildFile; fileRef = 3F66056927BB7CFE00DB2275 /* SceneDelegate.swift */; };
		3F66056C27BB7CFE00DB2275 /* ViewController.swift in Sources */ = {isa = PBXBuildFile; fileRef = 3F66056B27BB7CFE00DB2275 /* ViewController.swift */; };
		3F66056F27BB7CFE00DB2275 /* Main.storyboard in Resources */ = {isa = PBXBuildFile; fileRef = 3F66056D27BB7CFE00DB2275 /* Main.storyboard */; };
		3F66057127BB7CFE00DB2275 /* Assets.xcassets in Resources */ = {isa = PBXBuildFile; fileRef = 3F66057027BB7CFE00DB2275 /* Assets.xcassets */; };
		3F66057427BB7CFE00DB2275 /* LaunchScreen.storyboard in Resources */ = {isa = PBXBuildFile; fileRef = 3F66057227BB7CFE00DB2275 /* LaunchScreen.storyboard */; };
		3F66057F27BB7CFE00DB2275 /* OddEvenGameTests.swift in Sources */ = {isa = PBXBuildFile; fileRef = 3F66057E27BB7CFE00DB2275 /* OddEvenGameTests.swift */; };
		3F66058927BB7CFE00DB2275 /* OddEvenGameUITests.swift in Sources */ = {isa = PBXBuildFile; fileRef = 3F66058827BB7CFE00DB2275 /* OddEvenGameUITests.swift */; };
		3F66058B27BB7CFE00DB2275 /* OddEvenGameUITestsLaunchTests.swift in Sources */ = {isa = PBXBuildFile; fileRef = 3F66058A27BB7CFE00DB2275 /* OddEvenGameUITestsLaunchTests.swift */; };
/* End PBXBuildFile section */

/* Begin PBXContainerItemProxy section */
		3F66057B27BB7CFE00DB2275 /* PBXContainerItemProxy */ = {
			isa = PBXContainerItemProxy;
			containerPortal = 3F66055C27BB7CFD00DB2275 /* Project object */;
			proxyType = 1;
			remoteGlobalIDString = 3F66056327BB7CFE00DB2275;
			remoteInfo = OddEvenGame;
		};
		3F66058527BB7CFE00DB2275 /* PBXContainerItemProxy */ = {
			isa = PBXContainerItemProxy;
			containerPortal = 3F66055C27BB7CFD00DB2275 /* Project object */;
			proxyType = 1;
			remoteGlobalIDString = 3F66056327BB7CFE00DB2275;
			remoteInfo = OddEvenGame;
		};
/* End PBXContainerItemProxy section */

/* Begin PBXFileReference section */
		3F66056427BB7CFE00DB2275 /* OddEvenGame.app */ = {isa = PBXFileReference; explicitFileType = wrapper.application; includeInIndex = 0; path = OddEvenGame.app; sourceTree = BUILT_PRODUCTS_DIR; };
		3F66056727BB7CFE00DB2275 /* AppDelegate.swift */ = {isa = PBXFileReference; lastKnownFileType = sourcecode.swift; path = AppDelegate.swift; sourceTree = "<group>"; };
		3F66056927BB7CFE00DB2275 /* SceneDelegate.swift */ = {isa = PBXFileReference; lastKnownFileType = sourcecode.swift; path = SceneDelegate.swift; sourceTree = "<group>"; };
		3F66056B27BB7CFE00DB2275 /* ViewController.swift */ = {isa = PBXFileReference; lastKnownFileType = sourcecode.swift; path = ViewController.swift; sourceTree = "<group>"; };
		3F66056E27BB7CFE00DB2275 /* Base */ = {isa = PBXFileReference; lastKnownFileType = file.storyboard; name = Base; path = Base.lproj/Main.storyboard; sourceTree = "<group>"; };
		3F66057027BB7CFE00DB2275 /* Assets.xcassets */ = {isa = PBXFileReference; lastKnownFileType = folder.assetcatalog; path = Assets.xcassets; sourceTree = "<group>"; };
		3F66057327BB7CFE00DB2275 /* Base */ = {isa = PBXFileReference; lastKnownFileType = file.storyboard; name = Base; path = Base.lproj/LaunchScreen.storyboard; sourceTree = "<group>"; };
		3F66057527BB7CFE00DB2275 /* Info.plist */ = {isa = PBXFileReference; lastKnownFileType = text.plist.xml; path = Info.plist; sourceTree = "<group>"; };
		3F66057A27BB7CFE00DB2275 /* OddEvenGameTests.xctest */ = {isa = PBXFileReference; explicitFileType = wrapper.cfbundle; includeInIndex = 0; path = OddEvenGameTests.xctest; sourceTree = BUILT_PRODUCTS_DIR; };
		3F66057E27BB7CFE00DB2275 /* OddEvenGameTests.swift */ = {isa = PBXFileReference; lastKnownFileType = sourcecode.swift; path = OddEvenGameTests.swift; sourceTree = "<group>"; };
		3F66058427BB7CFE00DB2275 /* OddEvenGameUITests.xctest */ = {isa = PBXFileReference; explicitFileType = wrapper.cfbundle; includeInIndex = 0; path = OddEvenGameUITests.xctest; sourceTree = BUILT_PRODUCTS_DIR; };
		3F66058827BB7CFE00DB2275 /* OddEvenGameUITests.swift */ = {isa = PBXFileReference; lastKnownFileType = sourcecode.swift; path = OddEvenGameUITests.swift; sourceTree = "<group>"; };
		3F66058A27BB7CFE00DB2275 /* OddEvenGameUITestsLaunchTests.swift */ = {isa = PBXFileReference; lastKnownFileType = sourcecode.swift; path = OddEvenGameUITestsLaunchTests.swift; sourceTree = "<group>"; };
/* End PBXFileReference section */

/* Begin PBXFrameworksBuildPhase section */
		3F66056127BB7CFE00DB2275 /* Frameworks */ = {
			isa = PBXFrameworksBuildPhase;
			buildActionMask = 2147483647;
			files = (
			);
			runOnlyForDeploymentPostprocessing = 0;
		};
		3F66057727BB7CFE00DB2275 /* Frameworks */ = {
			isa = PBXFrameworksBuildPhase;
			buildActionMask = 2147483647;
			files = (
			);
			runOnlyForDeploymentPostprocessing = 0;
		};
		3F66058127BB7CFE00DB2275 /* Frameworks */ = {
			isa = PBXFrameworksBuildPhase;
			buildActionMask = 2147483647;
			files = (
			);
			runOnlyForDeploymentPostprocessing = 0;
		};
/* End PBXFrameworksBuildPhase section */

/* Begin PBXGroup section */
		3F66055B27BB7CFD00DB2275 = {
			isa = PBXGroup;
			children = (
				3F66056627BB7CFE00DB2275 /* OddEvenGame */,
				3F66057D27BB7CFE00DB2275 /* OddEvenGameTests */,
				3F66058727BB7CFE00DB2275 /* OddEvenGameUITests */,
				3F66056527BB7CFE00DB2275 /* Products */,
			);
			sourceTree = "<group>";
		};
		3F66056527BB7CFE00DB2275 /* Products */ = {
			isa = PBXGroup;
			children = (
				3F66056427BB7CFE00DB2275 /* OddEvenGame.app */,
				3F66057A27BB7CFE00DB2275 /* OddEvenGameTests.xctest */,
				3F66058427BB7CFE00DB2275 /* OddEvenGameUITests.xctest */,
			);
			name = Products;
			sourceTree = "<group>";
		};
		3F66056627BB7CFE00DB2275 /* OddEvenGame */ = {
			isa = PBXGroup;
			children = (
				3F66056727BB7CFE00DB2275 /* AppDelegate.swift */,
				3F66056927BB7CFE00DB2275 /* SceneDelegate.swift */,
				3F66056B27BB7CFE00DB2275 /* ViewController.swift */,
				3F66056D27BB7CFE00DB2275 /* Main.storyboard */,
				3F66057027BB7CFE00DB2275 /* Assets.xcassets */,
				3F66057227BB7CFE00DB2275 /* LaunchScreen.storyboard */,
				3F66057527BB7CFE00DB2275 /* Info.plist */,
			);
			path = OddEvenGame;
			sourceTree = "<group>";
		};
		3F66057D27BB7CFE00DB2275 /* OddEvenGameTests */ = {
			isa = PBXGroup;
			children = (
				3F66057E27BB7CFE00DB2275 /* OddEvenGameTests.swift */,
			);
			path = OddEvenGameTests;
			sourceTree = "<group>";
		};
		3F66058727BB7CFE00DB2275 /* OddEvenGameUITests */ = {
			isa = PBXGroup;
			children = (
				3F66058827BB7CFE00DB2275 /* OddEvenGameUITests.swift */,
				3F66058A27BB7CFE00DB2275 /* OddEvenGameUITestsLaunchTests.swift */,
			);
			path = OddEvenGameUITests;
			sourceTree = "<group>";
		};
/* End PBXGroup section */

/* Begin PBXNativeTarget section */
		3F66056327BB7CFE00DB2275 /* OddEvenGame */ = {
			isa = PBXNativeTarget;
			buildConfigurationList = 3F66058E27BB7CFE00DB2275 /* Build configuration list for PBXNativeTarget "OddEvenGame" */;
			buildPhases = (
				3F66056027BB7CFE00DB2275 /* Sources */,
				3F66056127BB7CFE00DB2275 /* Frameworks */,
				3F66056227BB7CFE00DB2275 /* Resources */,
			);
			buildRules = (
			);
			dependencies = (
			);
			name = OddEvenGame;
			productName = OddEvenGame;
			productReference = 3F66056427BB7CFE00DB2275 /* OddEvenGame.app */;
			productType = "com.apple.product-type.application";
		};
		3F66057927BB7CFE00DB2275 /* OddEvenGameTests */ = {
			isa = PBXNativeTarget;
			buildConfigurationList = 3F66059127BB7CFE00DB2275 /* Build configuration list for PBXNativeTarget "OddEvenGameTests" */;
			buildPhases = (
				3F66057627BB7CFE00DB2275 /* Sources */,
				3F66057727BB7CFE00DB2275 /* Frameworks */,
				3F66057827BB7CFE00DB2275 /* Resources */,
			);
			buildRules = (
			);
			dependencies = (
				3F66057C27BB7CFE00DB2275 /* PBXTargetDependency */,
			);
			name = OddEvenGameTests;
			productName = OddEvenGameTests;
			productReference = 3F66057A27BB7CFE00DB2275 /* OddEvenGameTests.xctest */;
			productType = "com.apple.product-type.bundle.unit-test";
		};
		3F66058327BB7CFE00DB2275 /* OddEvenGameUITests */ = {
			isa = PBXNativeTarget;
			buildConfigurationList = 3F66059427BB7CFE00DB2275 /* Build configuration list for PBXNativeTarget "OddEvenGameUITests" */;
			buildPhases = (
				3F66058027BB7CFE00DB2275 /* Sources */,
				3F66058127BB7CFE00DB2275 /* Frameworks */,
				3F66058227BB7CFE00DB2275 /* Resources */,
			);
			buildRules = (
			);
			dependencies = (
				3F66058627BB7CFE00DB2275 /* PBXTargetDependency */,
			);
			name = OddEvenGameUITests;
			productName = OddEvenGameUITests;
			productReference = 3F66058427BB7CFE00DB2275 /* OddEvenGameUITests.xctest */;
			productType = "com.apple.product-type.bundle.ui-testing";
		};
/* End PBXNativeTarget section */

/* Begin PBXProject section */
		3F66055C27BB7CFD00DB2275 /* Project object */ = {
			isa = PBXProject;
			attributes = {
				BuildIndependentTargetsInParallel = 1;
				LastSwiftUpdateCheck = 1320;
				LastUpgradeCheck = 1320;
				TargetAttributes = {
					3F66056327BB7CFE00DB2275 = {
						CreatedOnToolsVersion = 13.2.1;
					};
					3F66057927BB7CFE00DB2275 = {
						CreatedOnToolsVersion = 13.2.1;
						TestTargetID = 3F66056327BB7CFE00DB2275;
					};
					3F66058327BB7CFE00DB2275 = {
						CreatedOnToolsVersion = 13.2.1;
						TestTargetID = 3F66056327BB7CFE00DB2275;
					};
				};
			};
			buildConfigurationList = 3F66055F27BB7CFD00DB2275 /* Build configuration list for PBXProject "OddEvenGame" */;
			compatibilityVersion = "Xcode 13.0";
			developmentRegion = en;
			hasScannedForEncodings = 0;
			knownRegions = (
				en,
				Base,
			);
			mainGroup = 3F66055B27BB7CFD00DB2275;
			productRefGroup = 3F66056527BB7CFE00DB2275 /* Products */;
			projectDirPath = "";
			projectRoot = "";
			targets = (
				3F66056327BB7CFE00DB2275 /* OddEvenGame */,
				3F66057927BB7CFE00DB2275 /* OddEvenGameTests */,
				3F66058327BB7CFE00DB2275 /* OddEvenGameUITests */,
			);
		};
/* End PBXProject section */

/* Begin PBXResourcesBuildPhase section */
		3F66056227BB7CFE00DB2275 /* Resources */ = {
			isa = PBXResourcesBuildPhase;
			buildActionMask = 2147483647;
			files = (
				3F66057427BB7CFE00DB2275 /* LaunchScreen.storyboard in Resources */,
				3F66057127BB7CFE00DB2275 /* Assets.xcassets in Resources */,
				3F66056F27BB7CFE00DB2275 /* Main.storyboard in Resources */,
			);
			runOnlyForDeploymentPostprocessing = 0;
		};
		3F66057827BB7CFE00DB2275 /* Resources */ = {
			isa = PBXResourcesBuildPhase;
			buildActionMask = 2147483647;
			files = (
			);
			runOnlyForDeploymentPostprocessing = 0;
		};
		3F66058227BB7CFE00DB2275 /* Resources */ = {
			isa = PBXResourcesBuildPhase;
			buildActionMask = 2147483647;
			files = (
			);
			runOnlyForDeploymentPostprocessing = 0;
		};
/* End PBXResourcesBuildPhase section */

/* Begin PBXSourcesBuildPhase section */
		3F66056027BB7CFE00DB2275 /* Sources */ = {
			isa = PBXSourcesBuildPhase;
			buildActionMask = 2147483647;
			files = (
				3F66056C27BB7CFE00DB2275 /* ViewController.swift in Sources */,
				3F66056827BB7CFE00DB2275 /* AppDelegate.swift in Sources */,
				3F66056A27BB7CFE00DB2275 /* SceneDelegate.swift in Sources */,
			);
			runOnlyForDeploymentPostprocessing = 0;
		};
		3F66057627BB7CFE00DB2275 /* Sources */ = {
			isa = PBXSourcesBuildPhase;
			buildActionMask = 2147483647;
			files = (
				3F66057F27BB7CFE00DB2275 /* OddEvenGameTests.swift in Sources */,
			);
			runOnlyForDeploymentPostprocessing = 0;
		};
		3F66058027BB7CFE00DB2275 /* Sources */ = {
			isa = PBXSourcesBuildPhase;
			buildActionMask = 2147483647;
			files = (
				3F66058B27BB7CFE00DB2275 /* OddEvenGameUITestsLaunchTests.swift in Sources */,
				3F66058927BB7CFE00DB2275 /* OddEvenGameUITests.swift in Sources */,
			);
			runOnlyForDeploymentPostprocessing = 0;
		};
/* End PBXSourcesBuildPhase section */

/* Begin PBXTargetDependency section */
		3F66057C27BB7CFE00DB2275 /* PBXTargetDependency */ = {
			isa = PBXTargetDependency;
			target = 3F66056327BB7CFE00DB2275 /* OddEvenGame */;
			targetProxy = 3F66057B27BB7CFE00DB2275 /* PBXContainerItemProxy */;
		};
		3F66058627BB7CFE00DB2275 /* PBXTargetDependency */ = {
			isa = PBXTargetDependency;
			target = 3F66056327BB7CFE00DB2275 /* OddEvenGame */;
			targetProxy = 3F66058527BB7CFE00DB2275 /* PBXContainerItemProxy */;
		};
/* End PBXTargetDependency section */

/* Begin PBXVariantGroup section */
		3F66056D27BB7CFE00DB2275 /* Main.storyboard */ = {
			isa = PBXVariantGroup;
			children = (
				3F66056E27BB7CFE00DB2275 /* Base */,
			);
			name = Main.storyboard;
			sourceTree = "<group>";
		};
		3F66057227BB7CFE00DB2275 /* LaunchScreen.storyboard */ = {
			isa = PBXVariantGroup;
			children = (
				3F66057327BB7CFE00DB2275 /* Base */,
			);
			name = LaunchScreen.storyboard;
			sourceTree = "<group>";
		};
/* End PBXVariantGroup section */

/* Begin XCBuildConfiguration section */
		3F66058C27BB7CFE00DB2275 /* Debug */ = {
			isa = XCBuildConfiguration;
			buildSettings = {
				ALWAYS_SEARCH_USER_PATHS = NO;
				CLANG_ANALYZER_NONNULL = YES;
				CLANG_ANALYZER_NUMBER_OBJECT_CONVERSION = YES_AGGRESSIVE;
				CLANG_CXX_LANGUAGE_STANDARD = "gnu++17";
				CLANG_CXX_LIBRARY = "libc++";
				CLANG_ENABLE_MODULES = YES;
				CLANG_ENABLE_OBJC_ARC = YES;
				CLANG_ENABLE_OBJC_WEAK = YES;
				CLANG_WARN_BLOCK_CAPTURE_AUTORELEASING = YES;
				CLANG_WARN_BOOL_CONVERSION = YES;
				CLANG_WARN_COMMA = YES;
				CLANG_WARN_CONSTANT_CONVERSION = YES;
				CLANG_WARN_DEPRECATED_OBJC_IMPLEMENTATIONS = YES;
				CLANG_WARN_DIRECT_OBJC_ISA_USAGE = YES_ERROR;
				CLANG_WARN_DOCUMENTATION_COMMENTS = YES;
				CLANG_WARN_EMPTY_BODY = YES;
				CLANG_WARN_ENUM_CONVERSION = YES;
				CLANG_WARN_INFINITE_RECURSION = YES;
				CLANG_WARN_INT_CONVERSION = YES;
				CLANG_WARN_NON_LITERAL_NULL_CONVERSION = YES;
				CLANG_WARN_OBJC_IMPLICIT_RETAIN_SELF = YES;
				CLANG_WARN_OBJC_LITERAL_CONVERSION = YES;
				CLANG_WARN_OBJC_ROOT_CLASS = YES_ERROR;
				CLANG_WARN_QUOTED_INCLUDE_IN_FRAMEWORK_HEADER = YES;
				CLANG_WARN_RANGE_LOOP_ANALYSIS = YES;
				CLANG_WARN_STRICT_PROTOTYPES = YES;
				CLANG_WARN_SUSPICIOUS_MOVE = YES;
				CLANG_WARN_UNGUARDED_AVAILABILITY = YES_AGGRESSIVE;
				CLANG_WARN_UNREACHABLE_CODE = YES;
				CLANG_WARN__DUPLICATE_METHOD_MATCH = YES;
				COPY_PHASE_STRIP = NO;
				DEBUG_INFORMATION_FORMAT = dwarf;
				ENABLE_STRICT_OBJC_MSGSEND = YES;
				ENABLE_TESTABILITY = YES;
				GCC_C_LANGUAGE_STANDARD = gnu11;
				GCC_DYNAMIC_NO_PIC = NO;
				GCC_NO_COMMON_BLOCKS = YES;
				GCC_OPTIMIZATION_LEVEL = 0;
				GCC_PREPROCESSOR_DEFINITIONS = (
					"DEBUG=1",
					"$(inherited)",
				);
				GCC_WARN_64_TO_32_BIT_CONVERSION = YES;
				GCC_WARN_ABOUT_RETURN_TYPE = YES_ERROR;
				GCC_WARN_UNDECLARED_SELECTOR = YES;
				GCC_WARN_UNINITIALIZED_AUTOS = YES_AGGRESSIVE;
				GCC_WARN_UNUSED_FUNCTION = YES;
				GCC_WARN_UNUSED_VARIABLE = YES;
				IPHONEOS_DEPLOYMENT_TARGET = 15.2;
				MTL_ENABLE_DEBUG_INFO = INCLUDE_SOURCE;
				MTL_FAST_MATH = YES;
				ONLY_ACTIVE_ARCH = YES;
				SDKROOT = iphoneos;
				SWIFT_ACTIVE_COMPILATION_CONDITIONS = DEBUG;
				SWIFT_OPTIMIZATION_LEVEL = "-Onone";
			};
			name = Debug;
		};
		3F66058D27BB7CFE00DB2275 /* Release */ = {
			isa = XCBuildConfiguration;
			buildSettings = {
				ALWAYS_SEARCH_USER_PATHS = NO;
				CLANG_ANALYZER_NONNULL = YES;
				CLANG_ANALYZER_NUMBER_OBJECT_CONVERSION = YES_AGGRESSIVE;
				CLANG_CXX_LANGUAGE_STANDARD = "gnu++17";
				CLANG_CXX_LIBRARY = "libc++";
				CLANG_ENABLE_MODULES = YES;
				CLANG_ENABLE_OBJC_ARC = YES;
				CLANG_ENABLE_OBJC_WEAK = YES;
				CLANG_WARN_BLOCK_CAPTURE_AUTORELEASING = YES;
				CLANG_WARN_BOOL_CONVERSION = YES;
				CLANG_WARN_COMMA = YES;
				CLANG_WARN_CONSTANT_CONVERSION = YES;
				CLANG_WARN_DEPRECATED_OBJC_IMPLEMENTATIONS = YES;
				CLANG_WARN_DIRECT_OBJC_ISA_USAGE = YES_ERROR;
				CLANG_WARN_DOCUMENTATION_COMMENTS = YES;
				CLANG_WARN_EMPTY_BODY = YES;
				CLANG_WARN_ENUM_CONVERSION = YES;
				CLANG_WARN_INFINITE_RECURSION = YES;
				CLANG_WARN_INT_CONVERSION = YES;
				CLANG_WARN_NON_LITERAL_NULL_CONVERSION = YES;
				CLANG_WARN_OBJC_IMPLICIT_RETAIN_SELF = YES;
				CLANG_WARN_OBJC_LITERAL_CONVERSION = YES;
				CLANG_WARN_OBJC_ROOT_CLASS = YES_ERROR;
				CLANG_WARN_QUOTED_INCLUDE_IN_FRAMEWORK_HEADER = YES;
				CLANG_WARN_RANGE_LOOP_ANALYSIS = YES;
				CLANG_WARN_STRICT_PROTOTYPES = YES;
				CLANG_WARN_SUSPICIOUS_MOVE = YES;
				CLANG_WARN_UNGUARDED_AVAILABILITY = YES_AGGRESSIVE;
				CLANG_WARN_UNREACHABLE_CODE = YES;
				CLANG_WARN__DUPLICATE_METHOD_MATCH = YES;
				COPY_PHASE_STRIP = NO;
				DEBUG_INFORMATION_FORMAT = "dwarf-with-dsym";
				ENABLE_NS_ASSERTIONS = NO;
				ENABLE_STRICT_OBJC_MSGSEND = YES;
				GCC_C_LANGUAGE_STANDARD = gnu11;
				GCC_NO_COMMON_BLOCKS = YES;
				GCC_WARN_64_TO_32_BIT_CONVERSION = YES;
				GCC_WARN_ABOUT_RETURN_TYPE = YES_ERROR;
				GCC_WARN_UNDECLARED_SELECTOR = YES;
				GCC_WARN_UNINITIALIZED_AUTOS = YES_AGGRESSIVE;
				GCC_WARN_UNUSED_FUNCTION = YES;
				GCC_WARN_UNUSED_VARIABLE = YES;
				IPHONEOS_DEPLOYMENT_TARGET = 15.2;
				MTL_ENABLE_DEBUG_INFO = NO;
				MTL_FAST_MATH = YES;
				SDKROOT = iphoneos;
				SWIFT_COMPILATION_MODE = wholemodule;
				SWIFT_OPTIMIZATION_LEVEL = "-O";
				VALIDATE_PRODUCT = YES;
			};
			name = Release;
		};
		3F66058F27BB7CFE00DB2275 /* Debug */ = {
			isa = XCBuildConfiguration;
			buildSettings = {
				ASSETCATALOG_COMPILER_APPICON_NAME = AppIcon;
				ASSETCATALOG_COMPILER_GLOBAL_ACCENT_COLOR_NAME = AccentColor;
				CODE_SIGN_STYLE = Automatic;
				CURRENT_PROJECT_VERSION = 1;
				DEVELOPMENT_TEAM = DNB9ZD69T5;
				GENERATE_INFOPLIST_FILE = YES;
				INFOPLIST_FILE = OddEvenGame/Info.plist;
				INFOPLIST_KEY_UIApplicationSupportsIndirectInputEvents = YES;
				INFOPLIST_KEY_UILaunchStoryboardName = LaunchScreen;
				INFOPLIST_KEY_UIMainStoryboardFile = Main;
				INFOPLIST_KEY_UISupportedInterfaceOrientations_iPad = "UIInterfaceOrientationPortrait UIInterfaceOrientationPortraitUpsideDown UIInterfaceOrientationLandscapeLeft UIInterfaceOrientationLandscapeRight";
				INFOPLIST_KEY_UISupportedInterfaceOrientations_iPhone = "UIInterfaceOrientationPortrait UIInterfaceOrientationLandscapeLeft UIInterfaceOrientationLandscapeRight";
				LD_RUNPATH_SEARCH_PATHS = (
					"$(inherited)",
					"@executable_path/Frameworks",
				);
				MARKETING_VERSION = 1.0;
				PRODUCT_BUNDLE_IDENTIFIER = study.OddEvenGame;
				PRODUCT_NAME = "$(TARGET_NAME)";
				SWIFT_EMIT_LOC_STRINGS = YES;
				SWIFT_VERSION = 5.0;
				TARGETED_DEVICE_FAMILY = "1,2";
			};
			name = Debug;
		};
		3F66059027BB7CFE00DB2275 /* Release */ = {
			isa = XCBuildConfiguration;
			buildSettings = {
				ASSETCATALOG_COMPILER_APPICON_NAME = AppIcon;
				ASSETCATALOG_COMPILER_GLOBAL_ACCENT_COLOR_NAME = AccentColor;
				CODE_SIGN_STYLE = Automatic;
				CURRENT_PROJECT_VERSION = 1;
				DEVELOPMENT_TEAM = DNB9ZD69T5;
				GENERATE_INFOPLIST_FILE = YES;
				INFOPLIST_FILE = OddEvenGame/Info.plist;
				INFOPLIST_KEY_UIApplicationSupportsIndirectInputEvents = YES;
				INFOPLIST_KEY_UILaunchStoryboardName = LaunchScreen;
				INFOPLIST_KEY_UIMainStoryboardFile = Main;
				INFOPLIST_KEY_UISupportedInterfaceOrientations_iPad = "UIInterfaceOrientationPortrait UIInterfaceOrientationPortraitUpsideDown UIInterfaceOrientationLandscapeLeft UIInterfaceOrientationLandscapeRight";
				INFOPLIST_KEY_UISupportedInterfaceOrientations_iPhone = "UIInterfaceOrientationPortrait UIInterfaceOrientationLandscapeLeft UIInterfaceOrientationLandscapeRight";
				LD_RUNPATH_SEARCH_PATHS = (
					"$(inherited)",
					"@executable_path/Frameworks",
				);
				MARKETING_VERSION = 1.0;
				PRODUCT_BUNDLE_IDENTIFIER = study.OddEvenGame;
				PRODUCT_NAME = "$(TARGET_NAME)";
				SWIFT_EMIT_LOC_STRINGS = YES;
				SWIFT_VERSION = 5.0;
				TARGETED_DEVICE_FAMILY = "1,2";
			};
			name = Release;
		};
		3F66059227BB7CFE00DB2275 /* Debug */ = {
			isa = XCBuildConfiguration;
			buildSettings = {
				ALWAYS_EMBED_SWIFT_STANDARD_LIBRARIES = YES;
				BUNDLE_LOADER = "$(TEST_HOST)";
				CODE_SIGN_STYLE = Automatic;
				CURRENT_PROJECT_VERSION = 1;
				DEVELOPMENT_TEAM = DNB9ZD69T5;
				GENERATE_INFOPLIST_FILE = YES;
				IPHONEOS_DEPLOYMENT_TARGET = 15.2;
				MARKETING_VERSION = 1.0;
				PRODUCT_BUNDLE_IDENTIFIER = study.OddEvenGameTests;
				PRODUCT_NAME = "$(TARGET_NAME)";
				SWIFT_EMIT_LOC_STRINGS = NO;
				SWIFT_VERSION = 5.0;
				TARGETED_DEVICE_FAMILY = "1,2";
				TEST_HOST = "$(BUILT_PRODUCTS_DIR)/OddEvenGame.app/OddEvenGame";
			};
			name = Debug;
		};
		3F66059327BB7CFE00DB2275 /* Release */ = {
			isa = XCBuildConfiguration;
			buildSettings = {
				ALWAYS_EMBED_SWIFT_STANDARD_LIBRARIES = YES;
				BUNDLE_LOADER = "$(TEST_HOST)";
				CODE_SIGN_STYLE = Automatic;
				CURRENT_PROJECT_VERSION = 1;
				DEVELOPMENT_TEAM = DNB9ZD69T5;
				GENERATE_INFOPLIST_FILE = YES;
				IPHONEOS_DEPLOYMENT_TARGET = 15.2;
				MARKETING_VERSION = 1.0;
				PRODUCT_BUNDLE_IDENTIFIER = study.OddEvenGameTests;
				PRODUCT_NAME = "$(TARGET_NAME)";
				SWIFT_EMIT_LOC_STRINGS = NO;
				SWIFT_VERSION = 5.0;
				TARGETED_DEVICE_FAMILY = "1,2";
				TEST_HOST = "$(BUILT_PRODUCTS_DIR)/OddEvenGame.app/OddEvenGame";
			};
			name = Release;
		};
		3F66059527BB7CFE00DB2275 /* Debug */ = {
			isa = XCBuildConfiguration;
			buildSettings = {
				ALWAYS_EMBED_SWIFT_STANDARD_LIBRARIES = YES;
				CODE_SIGN_STYLE = Automatic;
				CURRENT_PROJECT_VERSION = 1;
				DEVELOPMENT_TEAM = DNB9ZD69T5;
				GENERATE_INFOPLIST_FILE = YES;
				MARKETING_VERSION = 1.0;
				PRODUCT_BUNDLE_IDENTIFIER = study.OddEvenGameUITests;
				PRODUCT_NAME = "$(TARGET_NAME)";
				SWIFT_EMIT_LOC_STRINGS = NO;
				SWIFT_VERSION = 5.0;
				TARGETED_DEVICE_FAMILY = "1,2";
				TEST_TARGET_NAME = OddEvenGame;
			};
			name = Debug;
		};
		3F66059627BB7CFE00DB2275 /* Release */ = {
			isa = XCBuildConfiguration;
			buildSettings = {
				ALWAYS_EMBED_SWIFT_STANDARD_LIBRARIES = YES;
				CODE_SIGN_STYLE = Automatic;
				CURRENT_PROJECT_VERSION = 1;
				DEVELOPMENT_TEAM = DNB9ZD69T5;
				GENERATE_INFOPLIST_FILE = YES;
				MARKETING_VERSION = 1.0;
				PRODUCT_BUNDLE_IDENTIFIER = study.OddEvenGameUITests;
				PRODUCT_NAME = "$(TARGET_NAME)";
				SWIFT_EMIT_LOC_STRINGS = NO;
				SWIFT_VERSION = 5.0;
				TARGETED_DEVICE_FAMILY = "1,2";
				TEST_TARGET_NAME = OddEvenGame;
			};
			name = Release;
		};
/* End XCBuildConfiguration section */

/* Begin XCConfigurationList section */
		3F66055F27BB7CFD00DB2275 /* Build configuration list for PBXProject "OddEvenGame" */ = {
			isa = XCConfigurationList;
			buildConfigurations = (
				3F66058C27BB7CFE00DB2275 /* Debug */,
				3F66058D27BB7CFE00DB2275 /* Release */,
			);
			defaultConfigurationIsVisible = 0;
			defaultConfigurationName = Release;
		};
		3F66058E27BB7CFE00DB2275 /* Build configuration list for PBXNativeTarget "OddEvenGame" */ = {
			isa = XCConfigurationList;
			buildConfigurations = (
				3F66058F27BB7CFE00DB2275 /* Debug */,
				3F66059027BB7CFE00DB2275 /* Release */,
			);
			defaultConfigurationIsVisible = 0;
			defaultConfigurationName = Release;
		};
		3F66059127BB7CFE00DB2275 /* Build configuration list for PBXNativeTarget "OddEvenGameTests" */ = {
			isa = XCConfigurationList;
			buildConfigurations = (
				3F66059227BB7CFE00DB2275 /* Debug */,
				3F66059327BB7CFE00DB2275 /* Release */,
			);
			defaultConfigurationIsVisible = 0;
			defaultConfigurationName = Release;
		};
		3F66059427BB7CFE00DB2275 /* Build configuration list for PBXNativeTarget "OddEvenGameUITests" */ = {
			isa = XCConfigurationList;
			buildConfigurations = (
				3F66059527BB7CFE00DB2275 /* Debug */,
				3F66059627BB7CFE00DB2275 /* Release */,
			);
			defaultConfigurationIsVisible = 0;
			defaultConfigurationName = Release;
		};
/* End XCConfigurationList section */
	};
	rootObject = 3F66055C27BB7CFD00DB2275 /* Project object */;
}
